schema: '2.0'
stages:
  data_ingestion:
    cmd: python src/data/data_ingestion.py
    deps:
    - path: params.yaml
      hash: md5
      md5: c742088221bcb2b1c978a822cda099e2
      size: 164
    - path: src/data/data_ingestion.py
      hash: md5
      md5: cafa8abd0d9ddaa05523d4badfe9f96f
      size: 3680
    outs:
    - path: data/raw
      hash: md5
      md5: baa43b70a6a4c8dac10639c6b987a43a.dir
      size: 827973
      nfiles: 2
  data_preprocessing:
    cmd: python src/data/data_preprocessing.py
    deps:
    - path: data/raw
      hash: md5
      md5: baa43b70a6a4c8dac10639c6b987a43a.dir
      size: 827973
      nfiles: 2
    - path: src/data/data_preprocessing.py
      hash: md5
      md5: 721156ffb38099ecfcd3a48eb5af8dd2
      size: 3992
    outs:
    - path: data/processed
      hash: md5
      md5: b62f1a6f72c0889993195c2de9f6b323.dir
      size: 572486
      nfiles: 2
  feature_engineering:
    cmd: python src/features/feature_engineering.py
    deps:
    - path: data/processed
      hash: md5
      md5: b62f1a6f72c0889993195c2de9f6b323.dir
      size: 572486
      nfiles: 2
    - path: params.yaml
      hash: md5
      md5: c742088221bcb2b1c978a822cda099e2
      size: 164
    - path: src/features/feature_engineering.py
      hash: md5
      md5: b896592fc5c41b3fa78bbe27e10f298c
      size: 3903
    outs:
    - path: data/features
      hash: md5
      md5: 4aede1350f433d6dfcc2dcd0017b45ab.dir
      size: 4494035
      nfiles: 2
  model_building:
    cmd: python src/models/model_building.py
    deps:
    - path: data/features
      hash: md5
      md5: 4aede1350f433d6dfcc2dcd0017b45ab.dir
      size: 4494035
      nfiles: 2
    - path: params.yaml
      hash: md5
      md5: c742088221bcb2b1c978a822cda099e2
      size: 164
    - path: src/models/model_building.py
      hash: md5
      md5: 884de095b0be1fe8e4bfcdc6e2893852
      size: 3329
    outs:
    - path: models/model.pkl
      hash: md5
      md5: 7b8d6564cbc419de60b62564099c2dfb
      size: 73791
  model_evaluation:
    cmd: python src/models/model_evaluation.py
    deps:
    - path: data/features
      hash: md5
      md5: 4aede1350f433d6dfcc2dcd0017b45ab.dir
      size: 4494035
      nfiles: 2
    - path: src/models/model_evaluation.py
      hash: md5
      md5: 5639d61259388e675f818c006fc8d861
      size: 3645
    outs:
    - path: reports/metrics.json
      hash: md5
      md5: e4f6f5e6a7a185a00327209398a3c0b5
      size: 144
